
Microsoft Visual Studio Solution File, Format Version 12.00
# Visual Studio Version 17
VisualStudioVersion = 17.7.34202.233
MinimumVisualStudioVersion = 10.0.40219.1
Project("{FAE04EC0-301F-11D3-BF4B-00C04F79EFBC}") = "Lab2", "Lab2\Lab2.csproj", "{BCC17367-7B96-4E6B-95FB-2A20BEF57AFE}"
EndProject
Project("{FAE04EC0-301F-11D3-BF4B-00C04F79EFBC}") = "Lab3", "Lab3\Lab3.csproj", "{414B3DEC-2242-4716-8765-8AB0FAD392EC}"
EndProject
Project("{FAE04EC0-301F-11D3-BF4B-00C04F79EFBC}") = "Lab4", "Lab4\Lab4.csproj", "{FA026B64-59EA-4F66-9536-29EDFB724E87}"
EndProject
Global
	GlobalSection(SolutionConfigurationPlatforms) = preSolution
		Debug|Any CPU = Debug|Any CPU
		Release|Any CPU = Release|Any CPU
	EndGlobalSection
	GlobalSection(ProjectConfigurationPlatforms) = postSolution
		{BCC17367-7B96-4E6B-95FB-2A20BEF57AFE}.Debug|Any CPU.ActiveCfg = Debug|Any CPU
		{BCC17367-7B96-4E6B-95FB-2A20BEF57AFE}.Debug|Any CPU.Build.0 = Debug|Any CPU
		{BCC17367-7B96-4E6B-95FB-2A20BEF57AFE}.Release|Any CPU.ActiveCfg = Release|Any CPU
		{BCC17367-7B96-4E6B-95FB-2A20BEF57AFE}.Release|Any CPU.Build.0 = Release|Any CPU
		{414B3DEC-2242-4716-8765-8AB0FAD392EC}.Debug|Any CPU.ActiveCfg = Debug|Any CPU
		{414B3DEC-2242-4716-8765-8AB0FAD392EC}.Debug|Any CPU.Build.0 = Debug|Any CPU
		{414B3DEC-2242-4716-8765-8AB0FAD392EC}.Release|Any CPU.ActiveCfg = Release|Any CPU
		{414B3DEC-2242-4716-8765-8AB0FAD392EC}.Release|Any CPU.Build.0 = Release|Any CPU
		{FA026B64-59EA-4F66-9536-29EDFB724E87}.Debug|Any CPU.ActiveCfg = Debug|Any CPU
		{FA026B64-59EA-4F66-9536-29EDFB724E87}.Debug|Any CPU.Build.0 = Debug|Any CPU
		{FA026B64-59EA-4F66-9536-29EDFB724E87}.Release|Any CPU.ActiveCfg = Release|Any CPU
		{FA026B64-59EA-4F66-9536-29EDFB724E87}.Release|Any CPU.Build.0 = Release|Any CPU
	EndGlobalSection
	GlobalSection(SolutionProperties) = preSolution
		HideSolutionNode = FALSE
	EndGlobalSection
	GlobalSection(ExtensibilityGlobals) = postSolution
		SolutionGuid = {FF1BF540-EA5D-4FDC-B468-8A9D9C8E7634}
	EndGlobalSection
EndGlobal
